// !$*UTF8*$!
{
	archiveVersion = 1;
	classes = {
	};
	objectVersion = 46;
	objects = {

/* Begin PBXBuildFile section */
		56FE945B1EADD91100C5DADB /* GithubSuperStarsTests.swift in Sources */ = {isa = PBXBuildFile; fileRef = 56FE945A1EADD91100C5DADB /* GithubSuperStarsTests.swift */; };
		56FE94631EADD94100C5DADB /* ProjectsDataSourceTests.swift in Sources */ = {isa = PBXBuildFile; fileRef = 56FE94621EADD94100C5DADB /* ProjectsDataSourceTests.swift */; };
		56FE94651EADD99F00C5DADB /* Storyboard.swift in Sources */ = {isa = PBXBuildFile; fileRef = 56FE94641EADD99F00C5DADB /* Storyboard.swift */; };
		56FE94671EADDC8D00C5DADB /* ModelTests.swift in Sources */ = {isa = PBXBuildFile; fileRef = 56FE94661EADDC8D00C5DADB /* ModelTests.swift */; };
		56FE94691EADE11300C5DADB /* WebserviceTests.swift in Sources */ = {isa = PBXBuildFile; fileRef = 56FE94681EADE11300C5DADB /* WebserviceTests.swift */; };
		56FE946B1EADEF6800C5DADB /* ViewModelTests.swift in Sources */ = {isa = PBXBuildFile; fileRef = 56FE946A1EADEF6800C5DADB /* ViewModelTests.swift */; };
		56FE94701EADF68000C5DADB /* AppDelegate.swift in Sources */ = {isa = PBXBuildFile; fileRef = 56FE946F1EADF68000C5DADB /* AppDelegate.swift */; };
		56FE94741EADF6AC00C5DADB /* ProjectDetailsViewController.swift in Sources */ = {isa = PBXBuildFile; fileRef = 56FE94711EADF6AC00C5DADB /* ProjectDetailsViewController.swift */; };
		56FE94751EADF6AC00C5DADB /* ProjectsListViewController.swift in Sources */ = {isa = PBXBuildFile; fileRef = 56FE94721EADF6AC00C5DADB /* ProjectsListViewController.swift */; };
		56FE94761EADF6AC00C5DADB /* Reusable.swift in Sources */ = {isa = PBXBuildFile; fileRef = 56FE94731EADF6AC00C5DADB /* Reusable.swift */; };
		56FE94781EADF6CA00C5DADB /* Assets.xcassets in Resources */ = {isa = PBXBuildFile; fileRef = 56FE94771EADF6CA00C5DADB /* Assets.xcassets */; };
		56FE947D1EADF6D600C5DADB /* LaunchScreen.storyboard in Resources */ = {isa = PBXBuildFile; fileRef = 56FE94791EADF6D600C5DADB /* LaunchScreen.storyboard */; };
		56FE947E1EADF6D600C5DADB /* Main.storyboard in Resources */ = {isa = PBXBuildFile; fileRef = 56FE947B1EADF6D600C5DADB /* Main.storyboard */; };
		56FE94801EADF6E100C5DADB /* Info.plist in Resources */ = {isa = PBXBuildFile; fileRef = 56FE947F1EADF6E100C5DADB /* Info.plist */; };
		56FE94821EADF6ED00C5DADB /* ProjectListDataSource.swift in Sources */ = {isa = PBXBuildFile; fileRef = 56FE94811EADF6ED00C5DADB /* ProjectListDataSource.swift */; };
		56FE94881EADF6F700C5DADB /* Project.swift in Sources */ = {isa = PBXBuildFile; fileRef = 56FE94831EADF6F700C5DADB /* Project.swift */; };
		56FE94891EADF6F700C5DADB /* ProjectDetailsViewModel.swift in Sources */ = {isa = PBXBuildFile; fileRef = 56FE94841EADF6F700C5DADB /* ProjectDetailsViewModel.swift */; };
		56FE948A1EADF6F700C5DADB /* ProjectViewModel.swift in Sources */ = {isa = PBXBuildFile; fileRef = 56FE94851EADF6F700C5DADB /* ProjectViewModel.swift */; };
		56FE948B1EADF6F700C5DADB /* ReadMe.swift in Sources */ = {isa = PBXBuildFile; fileRef = 56FE94861EADF6F700C5DADB /* ReadMe.swift */; };
		56FE948C1EADF6F700C5DADB /* User.swift in Sources */ = {isa = PBXBuildFile; fileRef = 56FE94871EADF6F700C5DADB /* User.swift */; };
		56FE94951EADF6FF00C5DADB /* APIRequest.swift in Sources */ = {isa = PBXBuildFile; fileRef = 56FE948D1EADF6FF00C5DADB /* APIRequest.swift */; };
		56FE94961EADF6FF00C5DADB /* GetGitProjectsRequest.swift in Sources */ = {isa = PBXBuildFile; fileRef = 56FE948E1EADF6FF00C5DADB /* GetGitProjectsRequest.swift */; };
		56FE94971EADF6FF00C5DADB /* GetReadMe.swift in Sources */ = {isa = PBXBuildFile; fileRef = 56FE948F1EADF6FF00C5DADB /* GetReadMe.swift */; };
		56FE94981EADF6FF00C5DADB /* MainAPIOperation.swift in Sources */ = {isa = PBXBuildFile; fileRef = 56FE94901EADF6FF00C5DADB /* MainAPIOperation.swift */; };
		56FE94991EADF6FF00C5DADB /* NetworkManager.swift in Sources */ = {isa = PBXBuildFile; fileRef = 56FE94911EADF6FF00C5DADB /* NetworkManager.swift */; };
		56FE949A1EADF6FF00C5DADB /* NetworkOperation.swift in Sources */ = {isa = PBXBuildFile; fileRef = 56FE94921EADF6FF00C5DADB /* NetworkOperation.swift */; };
		56FE949B1EADF6FF00C5DADB /* ParseOperation.swift in Sources */ = {isa = PBXBuildFile; fileRef = 56FE94931EADF6FF00C5DADB /* ParseOperation.swift */; };
		56FE949C1EADF6FF00C5DADB /* Result.swift in Sources */ = {isa = PBXBuildFile; fileRef = 56FE94941EADF6FF00C5DADB /* Result.swift */; };
		56FE94A01EADF70800C5DADB /* Constants.swift in Sources */ = {isa = PBXBuildFile; fileRef = 56FE949D1EADF70800C5DADB /* Constants.swift */; };
		56FE94A11EADF70800C5DADB /* UIColor+Helper.swift in Sources */ = {isa = PBXBuildFile; fileRef = 56FE949E1EADF70800C5DADB /* UIColor+Helper.swift */; };
		56FE94A21EADF70800C5DADB /* UIViewController+Helper.swift in Sources */ = {isa = PBXBuildFile; fileRef = 56FE949F1EADF70800C5DADB /* UIViewController+Helper.swift */; };
		56FE94A51EADF71200C5DADB /* ProjectListCell.swift in Sources */ = {isa = PBXBuildFile; fileRef = 56FE94A31EADF71200C5DADB /* ProjectListCell.swift */; };
		56FE94A61EADF71200C5DADB /* View+Helper.swift in Sources */ = {isa = PBXBuildFile; fileRef = 56FE94A41EADF71200C5DADB /* View+Helper.swift */; };
/* End PBXBuildFile section */

/* Begin PBXContainerItemProxy section */
		56FE945D1EADD91100C5DADB /* PBXContainerItemProxy */ = {
			isa = PBXContainerItemProxy;
			containerPortal = 560019E71EA738A30007039C /* Project object */;
			proxyType = 1;
			remoteGlobalIDString = 560019EE1EA738A30007039C;
			remoteInfo = GithubSuperStars;
		};
/* End PBXContainerItemProxy section */

/* Begin PBXFileReference section */
		560019EF1EA738A30007039C /* GithubSuperStars.app */ = {isa = PBXFileReference; explicitFileType = wrapper.application; includeInIndex = 0; path = GithubSuperStars.app; sourceTree = BUILT_PRODUCTS_DIR; };
		56FE94581EADD91100C5DADB /* GithubSuperStarsTests.xctest */ = {isa = PBXFileReference; explicitFileType = wrapper.cfbundle; includeInIndex = 0; path = GithubSuperStarsTests.xctest; sourceTree = BUILT_PRODUCTS_DIR; };
		56FE945A1EADD91100C5DADB /* GithubSuperStarsTests.swift */ = {isa = PBXFileReference; lastKnownFileType = sourcecode.swift; path = GithubSuperStarsTests.swift; sourceTree = "<group>"; };
		56FE945C1EADD91100C5DADB /* Info.plist */ = {isa = PBXFileReference; lastKnownFileType = text.plist.xml; path = Info.plist; sourceTree = "<group>"; };
		56FE94621EADD94100C5DADB /* ProjectsDataSourceTests.swift */ = {isa = PBXFileReference; fileEncoding = 4; lastKnownFileType = sourcecode.swift; path = ProjectsDataSourceTests.swift; sourceTree = "<group>"; };
		56FE94641EADD99F00C5DADB /* Storyboard.swift */ = {isa = PBXFileReference; fileEncoding = 4; lastKnownFileType = sourcecode.swift; path = Storyboard.swift; sourceTree = "<group>"; };
		56FE94661EADDC8D00C5DADB /* ModelTests.swift */ = {isa = PBXFileReference; fileEncoding = 4; lastKnownFileType = sourcecode.swift; path = ModelTests.swift; sourceTree = "<group>"; };
		56FE94681EADE11300C5DADB /* WebserviceTests.swift */ = {isa = PBXFileReference; fileEncoding = 4; lastKnownFileType = sourcecode.swift; path = WebserviceTests.swift; sourceTree = "<group>"; };
		56FE946A1EADEF6800C5DADB /* ViewModelTests.swift */ = {isa = PBXFileReference; fileEncoding = 4; lastKnownFileType = sourcecode.swift; path = ViewModelTests.swift; sourceTree = "<group>"; };
		56FE946F1EADF68000C5DADB /* AppDelegate.swift */ = {isa = PBXFileReference; fileEncoding = 4; lastKnownFileType = sourcecode.swift; name = AppDelegate.swift; path = GithubSuperStars/AppDelegate.swift; sourceTree = "<group>"; };
		56FE94711EADF6AC00C5DADB /* ProjectDetailsViewController.swift */ = {isa = PBXFileReference; fileEncoding = 4; lastKnownFileType = sourcecode.swift; name = ProjectDetailsViewController.swift; path = GithubSuperStars/ProjectDetailsViewController.swift; sourceTree = "<group>"; };
		56FE94721EADF6AC00C5DADB /* ProjectsListViewController.swift */ = {isa = PBXFileReference; fileEncoding = 4; lastKnownFileType = sourcecode.swift; name = ProjectsListViewController.swift; path = GithubSuperStars/ProjectsListViewController.swift; sourceTree = "<group>"; };
		56FE94731EADF6AC00C5DADB /* Reusable.swift */ = {isa = PBXFileReference; fileEncoding = 4; lastKnownFileType = sourcecode.swift; name = Reusable.swift; path = GithubSuperStars/Reusable.swift; sourceTree = "<group>"; };
		56FE94771EADF6CA00C5DADB /* Assets.xcassets */ = {isa = PBXFileReference; lastKnownFileType = folder.assetcatalog; name = Assets.xcassets; path = GithubSuperStars/Assets.xcassets; sourceTree = "<group>"; };
		56FE947A1EADF6D600C5DADB /* Base */ = {isa = PBXFileReference; lastKnownFileType = file.storyboard; name = Base; path = GithubSuperStars/Base.lproj/LaunchScreen.storyboard; sourceTree = "<group>"; };
		56FE947C1EADF6D600C5DADB /* Base */ = {isa = PBXFileReference; lastKnownFileType = file.storyboard; name = Base; path = GithubSuperStars/Base.lproj/Main.storyboard; sourceTree = "<group>"; };
		56FE947F1EADF6E100C5DADB /* Info.plist */ = {isa = PBXFileReference; fileEncoding = 4; lastKnownFileType = text.plist.xml; name = Info.plist; path = GithubSuperStars/Info.plist; sourceTree = "<group>"; };
		56FE94811EADF6ED00C5DADB /* ProjectListDataSource.swift */ = {isa = PBXFileReference; fileEncoding = 4; lastKnownFileType = sourcecode.swift; name = ProjectListDataSource.swift; path = GithubSuperStars/DataSource/ProjectListDataSource.swift; sourceTree = "<group>"; };
		56FE94831EADF6F700C5DADB /* Project.swift */ = {isa = PBXFileReference; fileEncoding = 4; lastKnownFileType = sourcecode.swift; name = Project.swift; path = GithubSuperStars/Model/Project.swift; sourceTree = "<group>"; };
		56FE94841EADF6F700C5DADB /* ProjectDetailsViewModel.swift */ = {isa = PBXFileReference; fileEncoding = 4; lastKnownFileType = sourcecode.swift; name = ProjectDetailsViewModel.swift; path = GithubSuperStars/Model/ProjectDetailsViewModel.swift; sourceTree = "<group>"; };
		56FE94851EADF6F700C5DADB /* ProjectViewModel.swift */ = {isa = PBXFileReference; fileEncoding = 4; lastKnownFileType = sourcecode.swift; name = ProjectViewModel.swift; path = GithubSuperStars/Model/ProjectViewModel.swift; sourceTree = "<group>"; };
		56FE94861EADF6F700C5DADB /* ReadMe.swift */ = {isa = PBXFileReference; fileEncoding = 4; lastKnownFileType = sourcecode.swift; name = ReadMe.swift; path = GithubSuperStars/Model/ReadMe.swift; sourceTree = "<group>"; };
		56FE94871EADF6F700C5DADB /* User.swift */ = {isa = PBXFileReference; fileEncoding = 4; lastKnownFileType = sourcecode.swift; name = User.swift; path = GithubSuperStars/Model/User.swift; sourceTree = "<group>"; };
		56FE948D1EADF6FF00C5DADB /* APIRequest.swift */ = {isa = PBXFileReference; fileEncoding = 4; lastKnownFileType = sourcecode.swift; name = APIRequest.swift; path = GithubSuperStars/Network/APIRequest.swift; sourceTree = "<group>"; };
		56FE948E1EADF6FF00C5DADB /* GetGitProjectsRequest.swift */ = {isa = PBXFileReference; fileEncoding = 4; lastKnownFileType = sourcecode.swift; name = GetGitProjectsRequest.swift; path = GithubSuperStars/Network/GetGitProjectsRequest.swift; sourceTree = "<group>"; };
		56FE948F1EADF6FF00C5DADB /* GetReadMe.swift */ = {isa = PBXFileReference; fileEncoding = 4; lastKnownFileType = sourcecode.swift; name = GetReadMe.swift; path = GithubSuperStars/Network/GetReadMe.swift; sourceTree = "<group>"; };
		56FE94901EADF6FF00C5DADB /* MainAPIOperation.swift */ = {isa = PBXFileReference; fileEncoding = 4; lastKnownFileType = sourcecode.swift; name = MainAPIOperation.swift; path = GithubSuperStars/Network/MainAPIOperation.swift; sourceTree = "<group>"; };
		56FE94911EADF6FF00C5DADB /* NetworkManager.swift */ = {isa = PBXFileReference; fileEncoding = 4; lastKnownFileType = sourcecode.swift; name = NetworkManager.swift; path = GithubSuperStars/Network/NetworkManager.swift; sourceTree = "<group>"; };
		56FE94921EADF6FF00C5DADB /* NetworkOperation.swift */ = {isa = PBXFileReference; fileEncoding = 4; lastKnownFileType = sourcecode.swift; name = NetworkOperation.swift; path = GithubSuperStars/Network/NetworkOperation.swift; sourceTree = "<group>"; };
		56FE94931EADF6FF00C5DADB /* ParseOperation.swift */ = {isa = PBXFileReference; fileEncoding = 4; lastKnownFileType = sourcecode.swift; name = ParseOperation.swift; path = GithubSuperStars/Network/ParseOperation.swift; sourceTree = "<group>"; };
		56FE94941EADF6FF00C5DADB /* Result.swift */ = {isa = PBXFileReference; fileEncoding = 4; lastKnownFileType = sourcecode.swift; name = Result.swift; path = GithubSuperStars/Network/Result.swift; sourceTree = "<group>"; };
		56FE949D1EADF70800C5DADB /* Constants.swift */ = {isa = PBXFileReference; fileEncoding = 4; lastKnownFileType = sourcecode.swift; name = Constants.swift; path = GithubSuperStars/Utility/Constants.swift; sourceTree = "<group>"; };
		56FE949E1EADF70800C5DADB /* UIColor+Helper.swift */ = {isa = PBXFileReference; fileEncoding = 4; lastKnownFileType = sourcecode.swift; name = "UIColor+Helper.swift"; path = "GithubSuperStars/Utility/UIColor+Helper.swift"; sourceTree = "<group>"; };
		56FE949F1EADF70800C5DADB /* UIViewController+Helper.swift */ = {isa = PBXFileReference; fileEncoding = 4; lastKnownFileType = sourcecode.swift; name = "UIViewController+Helper.swift"; path = "GithubSuperStars/Utility/UIViewController+Helper.swift"; sourceTree = "<group>"; };
		56FE94A31EADF71200C5DADB /* ProjectListCell.swift */ = {isa = PBXFileReference; fileEncoding = 4; lastKnownFileType = sourcecode.swift; name = ProjectListCell.swift; path = GithubSuperStars/View/ProjectListCell.swift; sourceTree = "<group>"; };
		56FE94A41EADF71200C5DADB /* View+Helper.swift */ = {isa = PBXFileReference; fileEncoding = 4; lastKnownFileType = sourcecode.swift; name = "View+Helper.swift"; path = "GithubSuperStars/View/View+Helper.swift"; sourceTree = "<group>"; };
/* End PBXFileReference section */

/* Begin PBXFrameworksBuildPhase section */
		560019EC1EA738A30007039C /* Frameworks */ = {
			isa = PBXFrameworksBuildPhase;
			buildActionMask = 2147483647;
			files = (
			);
			runOnlyForDeploymentPostprocessing = 0;
		};
		56FE94551EADD91100C5DADB /* Frameworks */ = {
			isa = PBXFrameworksBuildPhase;
			buildActionMask = 2147483647;
			files = (
			);
			runOnlyForDeploymentPostprocessing = 0;
		};
/* End PBXFrameworksBuildPhase section */

/* Begin PBXGroup section */
		560019E61EA738A30007039C = {
			isa = PBXGroup;
			children = (
				56FE946E1EADF67100C5DADB /* GithubSuperStars */,
				56FE94591EADD91100C5DADB /* GithubSuperStarsTests */,
				560019F01EA738A30007039C /* Products */,
			);
			sourceTree = "<group>";
		};
		560019F01EA738A30007039C /* Products */ = {
			isa = PBXGroup;
			children = (
				560019EF1EA738A30007039C /* GithubSuperStars.app */,
				56FE94581EADD91100C5DADB /* GithubSuperStarsTests.xctest */,
			);
			name = Products;
			sourceTree = "<group>";
		};
		56FE94591EADD91100C5DADB /* GithubSuperStarsTests */ = {
			isa = PBXGroup;
			children = (
				56FE945A1EADD91100C5DADB /* GithubSuperStarsTests.swift */,
				56FE94621EADD94100C5DADB /* ProjectsDataSourceTests.swift */,
				56FE94661EADDC8D00C5DADB /* ModelTests.swift */,
				56FE94681EADE11300C5DADB /* WebserviceTests.swift */,
				56FE946A1EADEF6800C5DADB /* ViewModelTests.swift */,
				56FE94641EADD99F00C5DADB /* Storyboard.swift */,
				56FE945C1EADD91100C5DADB /* Info.plist */,
			);
			path = GithubSuperStarsTests;
			sourceTree = "<group>";
		};
		56FE946E1EADF67100C5DADB /* GithubSuperStars */ = {
			isa = PBXGroup;
			children = (
				56FE94AF1EADF7E700C5DADB /* AppDelegate */,
				56FE94A71EADF72C00C5DADB /* ViewController */,
				56FE94AB1EADF78300C5DADB /* Utility */,
				56FE94A81EADF73900C5DADB /* Datasource */,
				56FE94AC1EADF79200C5DADB /* Data */,
				56FE94AA1EADF75A00C5DADB /* Network */,
				56FE94A91EADF74700C5DADB /* View */,
				56FE94B01EADF7F100C5DADB /* Resources */,
			);
			name = GithubSuperStars;
			sourceTree = "<group>";
		};
		56FE94A71EADF72C00C5DADB /* ViewController */ = {
			isa = PBXGroup;
			children = (
				56FE94711EADF6AC00C5DADB /* ProjectDetailsViewController.swift */,
				56FE94721EADF6AC00C5DADB /* ProjectsListViewController.swift */,
			);
			name = ViewController;
			sourceTree = "<group>";
		};
		56FE94A81EADF73900C5DADB /* Datasource */ = {
			isa = PBXGroup;
			children = (
				56FE94811EADF6ED00C5DADB /* ProjectListDataSource.swift */,
			);
			name = Datasource;
			sourceTree = "<group>";
		};
		56FE94A91EADF74700C5DADB /* View */ = {
			isa = PBXGroup;
			children = (
				56FE94A31EADF71200C5DADB /* ProjectListCell.swift */,
			);
			name = View;
			sourceTree = "<group>";
		};
		56FE94AA1EADF75A00C5DADB /* Network */ = {
			isa = PBXGroup;
			children = (
				56FE94911EADF6FF00C5DADB /* NetworkManager.swift */,
				56FE948D1EADF6FF00C5DADB /* APIRequest.swift */,
				56FE948F1EADF6FF00C5DADB /* GetReadMe.swift */,
				56FE948E1EADF6FF00C5DADB /* GetGitProjectsRequest.swift */,
				56FE94901EADF6FF00C5DADB /* MainAPIOperation.swift */,
				56FE94921EADF6FF00C5DADB /* NetworkOperation.swift */,
				56FE94931EADF6FF00C5DADB /* ParseOperation.swift */,
				56FE94941EADF6FF00C5DADB /* Result.swift */,
			);
			name = Network;
			sourceTree = "<group>";
		};
		56FE94AB1EADF78300C5DADB /* Utility */ = {
			isa = PBXGroup;
			children = (
				56FE94731EADF6AC00C5DADB /* Reusable.swift */,
				56FE949D1EADF70800C5DADB /* Constants.swift */,
				56FE949E1EADF70800C5DADB /* UIColor+Helper.swift */,
				56FE949F1EADF70800C5DADB /* UIViewController+Helper.swift */,
				56FE94A41EADF71200C5DADB /* View+Helper.swift */,
			);
			name = Utility;
			sourceTree = "<group>";
		};
		56FE94AC1EADF79200C5DADB /* Data */ = {
			isa = PBXGroup;
			children = (
				56FE94AD1EADF7A000C5DADB /* Model */,
				56FE94AE1EADF7A700C5DADB /* ViewModel */,
			);
			name = Data;
			sourceTree = "<group>";
		};
		56FE94AD1EADF7A000C5DADB /* Model */ = {
			isa = PBXGroup;
			children = (
				56FE94831EADF6F700C5DADB /* Project.swift */,
				56FE94871EADF6F700C5DADB /* User.swift */,
				56FE94861EADF6F700C5DADB /* ReadMe.swift */,
			);
			name = Model;
			sourceTree = "<group>";
		};
		56FE94AE1EADF7A700C5DADB /* ViewModel */ = {
			isa = PBXGroup;
			children = (
				56FE94841EADF6F700C5DADB /* ProjectDetailsViewModel.swift */,
				56FE94851EADF6F700C5DADB /* ProjectViewModel.swift */,
			);
			name = ViewModel;
			sourceTree = "<group>";
		};
		56FE94AF1EADF7E700C5DADB /* AppDelegate */ = {
			isa = PBXGroup;
			children = (
				56FE946F1EADF68000C5DADB /* AppDelegate.swift */,
			);
			name = AppDelegate;
			sourceTree = "<group>";
		};
		56FE94B01EADF7F100C5DADB /* Resources */ = {
			isa = PBXGroup;
			children = (
				56FE94791EADF6D600C5DADB /* LaunchScreen.storyboard */,
				56FE947B1EADF6D600C5DADB /* Main.storyboard */,
				56FE94771EADF6CA00C5DADB /* Assets.xcassets */,
				56FE947F1EADF6E100C5DADB /* Info.plist */,
			);
			name = Resources;
			sourceTree = "<group>";
		};
/* End PBXGroup section */

/* Begin PBXNativeTarget section */
		560019EE1EA738A30007039C /* GithubSuperStars */ = {
			isa = PBXNativeTarget;
			buildConfigurationList = 56001A011EA738A30007039C /* Build configuration list for PBXNativeTarget "GithubSuperStars" */;
			buildPhases = (
				560019EB1EA738A30007039C /* Sources */,
				560019EC1EA738A30007039C /* Frameworks */,
				560019ED1EA738A30007039C /* Resources */,
			);
			buildRules = (
			);
			dependencies = (
			);
			name = GithubSuperStars;
			productName = Xapo;
			productReference = 560019EF1EA738A30007039C /* GithubSuperStars.app */;
			productType = "com.apple.product-type.application";
		};
		56FE94571EADD91100C5DADB /* GithubSuperStarsTests */ = {
			isa = PBXNativeTarget;
			buildConfigurationList = 56FE945F1EADD91200C5DADB /* Build configuration list for PBXNativeTarget "GithubSuperStarsTests" */;
			buildPhases = (
				56FE94541EADD91100C5DADB /* Sources */,
				56FE94551EADD91100C5DADB /* Frameworks */,
				56FE94561EADD91100C5DADB /* Resources */,
			);
			buildRules = (
			);
			dependencies = (
				56FE945E1EADD91100C5DADB /* PBXTargetDependency */,
			);
			name = GithubSuperStarsTests;
			productName = GithubSuperStarsTests;
			productReference = 56FE94581EADD91100C5DADB /* GithubSuperStarsTests.xctest */;
			productType = "com.apple.product-type.bundle.unit-test";
		};
/* End PBXNativeTarget section */

/* Begin PBXProject section */
		560019E71EA738A30007039C /* Project object */ = {
			isa = PBXProject;
			attributes = {
				LastSwiftUpdateCheck = 0830;
				LastUpgradeCheck = 0830;
				ORGANIZATIONNAME = Ugam;
				TargetAttributes = {
					560019EE1EA738A30007039C = {
						CreatedOnToolsVersion = 8.3.1;
						DevelopmentTeam = B4PUB86M83;
						ProvisioningStyle = Automatic;
					};
					56FE94571EADD91100C5DADB = {
						CreatedOnToolsVersion = 8.3.1;
						DevelopmentTeam = B4PUB86M83;
						ProvisioningStyle = Automatic;
						TestTargetID = 560019EE1EA738A30007039C;
					};
				};
			};
			buildConfigurationList = 560019EA1EA738A30007039C /* Build configuration list for PBXProject "GithubSuperStars" */;
			compatibilityVersion = "Xcode 3.2";
			developmentRegion = English;
			hasScannedForEncodings = 0;
			knownRegions = (
				en,
				Base,
			);
			mainGroup = 560019E61EA738A30007039C;
			productRefGroup = 560019F01EA738A30007039C /* Products */;
			projectDirPath = "";
			projectRoot = "";
			targets = (
				560019EE1EA738A30007039C /* GithubSuperStars */,
				56FE94571EADD91100C5DADB /* GithubSuperStarsTests */,
			);
		};
/* End PBXProject section */

/* Begin PBXResourcesBuildPhase section */
		560019ED1EA738A30007039C /* Resources */ = {
			isa = PBXResourcesBuildPhase;
			buildActionMask = 2147483647;
			files = (
				56FE94781EADF6CA00C5DADB /* Assets.xcassets in Resources */,
				56FE947E1EADF6D600C5DADB /* Main.storyboard in Resources */,
				56FE947D1EADF6D600C5DADB /* LaunchScreen.storyboard in Resources */,
				56FE94801EADF6E100C5DADB /* Info.plist in Resources */,
			);
			runOnlyForDeploymentPostprocessing = 0;
		};
		56FE94561EADD91100C5DADB /* Resources */ = {
			isa = PBXResourcesBuildPhase;
			buildActionMask = 2147483647;
			files = (
			);
			runOnlyForDeploymentPostprocessing = 0;
		};
/* End PBXResourcesBuildPhase section */

/* Begin PBXSourcesBuildPhase section */
		560019EB1EA738A30007039C /* Sources */ = {
			isa = PBXSourcesBuildPhase;
			buildActionMask = 2147483647;
			files = (
				56FE94A21EADF70800C5DADB /* UIViewController+Helper.swift in Sources */,
				56FE94991EADF6FF00C5DADB /* NetworkManager.swift in Sources */,
				56FE94751EADF6AC00C5DADB /* ProjectsListViewController.swift in Sources */,
				56FE94701EADF68000C5DADB /* AppDelegate.swift in Sources */,
				56FE948A1EADF6F700C5DADB /* ProjectViewModel.swift in Sources */,
				56FE94A51EADF71200C5DADB /* ProjectListCell.swift in Sources */,
				56FE94821EADF6ED00C5DADB /* ProjectListDataSource.swift in Sources */,
				56FE94A01EADF70800C5DADB /* Constants.swift in Sources */,
				56FE94981EADF6FF00C5DADB /* MainAPIOperation.swift in Sources */,
				56FE94741EADF6AC00C5DADB /* ProjectDetailsViewController.swift in Sources */,
				56FE949C1EADF6FF00C5DADB /* Result.swift in Sources */,
				56FE94951EADF6FF00C5DADB /* APIRequest.swift in Sources */,
				56FE94761EADF6AC00C5DADB /* Reusable.swift in Sources */,
				56FE94881EADF6F700C5DADB /* Project.swift in Sources */,
				56FE94A11EADF70800C5DADB /* UIColor+Helper.swift in Sources */,
				56FE949A1EADF6FF00C5DADB /* NetworkOperation.swift in Sources */,
				56FE94961EADF6FF00C5DADB /* GetGitProjectsRequest.swift in Sources */,
				56FE94891EADF6F700C5DADB /* ProjectDetailsViewModel.swift in Sources */,
				56FE948B1EADF6F700C5DADB /* ReadMe.swift in Sources */,
				56FE949B1EADF6FF00C5DADB /* ParseOperation.swift in Sources */,
				56FE94971EADF6FF00C5DADB /* GetReadMe.swift in Sources */,
				56FE94A61EADF71200C5DADB /* View+Helper.swift in Sources */,
				56FE948C1EADF6F700C5DADB /* User.swift in Sources */,
			);
			runOnlyForDeploymentPostprocessing = 0;
		};
		56FE94541EADD91100C5DADB /* Sources */ = {
			isa = PBXSourcesBuildPhase;
			buildActionMask = 2147483647;
			files = (
				56FE94691EADE11300C5DADB /* WebserviceTests.swift in Sources */,
				56FE94631EADD94100C5DADB /* ProjectsDataSourceTests.swift in Sources */,
				56FE946B1EADEF6800C5DADB /* ViewModelTests.swift in Sources */,
				56FE94671EADDC8D00C5DADB /* ModelTests.swift in Sources */,
				56FE94651EADD99F00C5DADB /* Storyboard.swift in Sources */,
				56FE945B1EADD91100C5DADB /* GithubSuperStarsTests.swift in Sources */,
			);
			runOnlyForDeploymentPostprocessing = 0;
		};
/* End PBXSourcesBuildPhase section */

/* Begin PBXTargetDependency section */
		56FE945E1EADD91100C5DADB /* PBXTargetDependency */ = {
			isa = PBXTargetDependency;
			target = 560019EE1EA738A30007039C /* GithubSuperStars */;
			targetProxy = 56FE945D1EADD91100C5DADB /* PBXContainerItemProxy */;
		};
/* End PBXTargetDependency section */

/* Begin PBXVariantGroup section */
		56FE94791EADF6D600C5DADB /* LaunchScreen.storyboard */ = {
			isa = PBXVariantGroup;
			children = (
				56FE947A1EADF6D600C5DADB /* Base */,
			);
			name = LaunchScreen.storyboard;
			sourceTree = "<group>";
		};
		56FE947B1EADF6D600C5DADB /* Main.storyboard */ = {
			isa = PBXVariantGroup;
			children = (
				56FE947C1EADF6D600C5DADB /* Base */,
			);
			name = Main.storyboard;
			sourceTree = "<group>";
		};
/* End PBXVariantGroup section */

/* Begin XCBuildConfiguration section */
		560019FF1EA738A30007039C /* Debug */ = {
			isa = XCBuildConfiguration;
			buildSettings = {
				ALWAYS_SEARCH_USER_PATHS = NO;
				CLANG_ANALYZER_NONNULL = YES;
				CLANG_ANALYZER_NUMBER_OBJECT_CONVERSION = YES_AGGRESSIVE;
				CLANG_CXX_LANGUAGE_STANDARD = "gnu++0x";
				CLANG_CXX_LIBRARY = "libc++";
				CLANG_ENABLE_MODULES = YES;
				CLANG_ENABLE_OBJC_ARC = YES;
				CLANG_WARN_BOOL_CONVERSION = YES;
				CLANG_WARN_CONSTANT_CONVERSION = YES;
				CLANG_WARN_DIRECT_OBJC_ISA_USAGE = YES_ERROR;
				CLANG_WARN_DOCUMENTATION_COMMENTS = YES;
				CLANG_WARN_EMPTY_BODY = YES;
				CLANG_WARN_ENUM_CONVERSION = YES;
				CLANG_WARN_INFINITE_RECURSION = YES;
				CLANG_WARN_INT_CONVERSION = YES;
				CLANG_WARN_OBJC_ROOT_CLASS = YES_ERROR;
				CLANG_WARN_SUSPICIOUS_MOVE = YES;
				CLANG_WARN_UNREACHABLE_CODE = YES;
				CLANG_WARN__DUPLICATE_METHOD_MATCH = YES;
				"CODE_SIGN_IDENTITY[sdk=iphoneos*]" = "iPhone Developer";
				COPY_PHASE_STRIP = NO;
				DEBUG_INFORMATION_FORMAT = dwarf;
				ENABLE_STRICT_OBJC_MSGSEND = YES;
				ENABLE_TESTABILITY = YES;
				GCC_C_LANGUAGE_STANDARD = gnu99;
				GCC_DYNAMIC_NO_PIC = NO;
				GCC_NO_COMMON_BLOCKS = YES;
				GCC_OPTIMIZATION_LEVEL = 0;
				GCC_PREPROCESSOR_DEFINITIONS = (
					"DEBUG=1",
					"$(inherited)",
				);
				GCC_WARN_64_TO_32_BIT_CONVERSION = YES;
				GCC_WARN_ABOUT_RETURN_TYPE = YES_ERROR;
				GCC_WARN_UNDECLARED_SELECTOR = YES;
				GCC_WARN_UNINITIALIZED_AUTOS = YES_AGGRESSIVE;
				GCC_WARN_UNUSED_FUNCTION = YES;
				GCC_WARN_UNUSED_VARIABLE = YES;
				IPHONEOS_DEPLOYMENT_TARGET = 10.3;
				MTL_ENABLE_DEBUG_INFO = YES;
				ONLY_ACTIVE_ARCH = YES;
				SDKROOT = iphoneos;
				SWIFT_ACTIVE_COMPILATION_CONDITIONS = DEBUG;
				SWIFT_OPTIMIZATION_LEVEL = "-Onone";
				TARGETED_DEVICE_FAMILY = "1,2";
			};
			name = Debug;
		};
		56001A001EA738A30007039C /* Release */ = {
			isa = XCBuildConfiguration;
			buildSettings = {
				ALWAYS_SEARCH_USER_PATHS = NO;
				CLANG_ANALYZER_NONNULL = YES;
				CLANG_ANALYZER_NUMBER_OBJECT_CONVERSION = YES_AGGRESSIVE;
				CLANG_CXX_LANGUAGE_STANDARD = "gnu++0x";
				CLANG_CXX_LIBRARY = "libc++";
				CLANG_ENABLE_MODULES = YES;
				CLANG_ENABLE_OBJC_ARC = YES;
				CLANG_WARN_BOOL_CONVERSION = YES;
				CLANG_WARN_CONSTANT_CONVERSION = YES;
				CLANG_WARN_DIRECT_OBJC_ISA_USAGE = YES_ERROR;
				CLANG_WARN_DOCUMENTATION_COMMENTS = YES;
				CLANG_WARN_EMPTY_BODY = YES;
				CLANG_WARN_ENUM_CONVERSION = YES;
				CLANG_WARN_INFINITE_RECURSION = YES;
				CLANG_WARN_INT_CONVERSION = YES;
				CLANG_WARN_OBJC_ROOT_CLASS = YES_ERROR;
				CLANG_WARN_SUSPICIOUS_MOVE = YES;
				CLANG_WARN_UNREACHABLE_CODE = YES;
				CLANG_WARN__DUPLICATE_METHOD_MATCH = YES;
				"CODE_SIGN_IDENTITY[sdk=iphoneos*]" = "iPhone Developer";
				COPY_PHASE_STRIP = NO;
				DEBUG_INFORMATION_FORMAT = "dwarf-with-dsym";
				ENABLE_NS_ASSERTIONS = NO;
				ENABLE_STRICT_OBJC_MSGSEND = YES;
				GCC_C_LANGUAGE_STANDARD = gnu99;
				GCC_NO_COMMON_BLOCKS = YES;
				GCC_WARN_64_TO_32_BIT_CONVERSION = YES;
				GCC_WARN_ABOUT_RETURN_TYPE = YES_ERROR;
				GCC_WARN_UNDECLARED_SELECTOR = YES;
				GCC_WARN_UNINITIALIZED_AUTOS = YES_AGGRESSIVE;
				GCC_WARN_UNUSED_FUNCTION = YES;
				GCC_WARN_UNUSED_VARIABLE = YES;
				IPHONEOS_DEPLOYMENT_TARGET = 10.3;
				MTL_ENABLE_DEBUG_INFO = NO;
				SDKROOT = iphoneos;
				SWIFT_OPTIMIZATION_LEVEL = "-Owholemodule";
				TARGETED_DEVICE_FAMILY = "1,2";
				VALIDATE_PRODUCT = YES;
			};
			name = Release;
		};
		56001A021EA738A30007039C /* Debug */ = {
			isa = XCBuildConfiguration;
			buildSettings = {
				ASSETCATALOG_COMPILER_APPICON_NAME = AppIcon;
				DEVELOPMENT_TEAM = B4PUB86M83;
				INFOPLIST_FILE = GithubSuperStars/Info.plist;
				LD_RUNPATH_SEARCH_PATHS = "$(inherited) @executable_path/Frameworks";
				PRODUCT_BUNDLE_IDENTIFIER = com.ugam.Xapo;
				PRODUCT_NAME = "$(TARGET_NAME)";
				SWIFT_VERSION = 3.0;
			};
			name = Debug;
		};
		56001A031EA738A30007039C /* Release */ = {
			isa = XCBuildConfiguration;
			buildSettings = {
				ASSETCATALOG_COMPILER_APPICON_NAME = AppIcon;
				DEVELOPMENT_TEAM = B4PUB86M83;
				INFOPLIST_FILE = GithubSuperStars/Info.plist;
				LD_RUNPATH_SEARCH_PATHS = "$(inherited) @executable_path/Frameworks";
				PRODUCT_BUNDLE_IDENTIFIER = com.ugam.Xapo;
				PRODUCT_NAME = "$(TARGET_NAME)";
				SWIFT_VERSION = 3.0;
			};
			name = Release;
		};
		56FE94601EADD91200C5DADB /* Debug */ = {
			isa = XCBuildConfiguration;
			buildSettings = {
				BUNDLE_LOADER = "$(TEST_HOST)";
				DEVELOPMENT_TEAM = B4PUB86M83;
				INFOPLIST_FILE = GithubSuperStarsTests/Info.plist;
				LD_RUNPATH_SEARCH_PATHS = "$(inherited) @executable_path/Frameworks @loader_path/Frameworks";
				PRODUCT_BUNDLE_IDENTIFIER = com.ugam.GithubSuperStarsTests;
				PRODUCT_NAME = "$(TARGET_NAME)";
				SWIFT_VERSION = 3.0;
				TEST_HOST = "$(BUILT_PRODUCTS_DIR)/GithubSuperStars.app/GithubSuperStars";
			};
			name = Debug;
		};
		56FE94611EADD91200C5DADB /* Release */ = {
			isa = XCBuildConfiguration;
			buildSettings = {
				BUNDLE_LOADER = "$(TEST_HOST)";
				DEVELOPMENT_TEAM = B4PUB86M83;
				INFOPLIST_FILE = GithubSuperStarsTests/Info.plist;
				LD_RUNPATH_SEARCH_PATHS = "$(inherited) @executable_path/Frameworks @loader_path/Frameworks";
				PRODUCT_BUNDLE_IDENTIFIER = com.ugam.GithubSuperStarsTests;
				PRODUCT_NAME = "$(TARGET_NAME)";
				SWIFT_VERSION = 3.0;
				TEST_HOST = "$(BUILT_PRODUCTS_DIR)/GithubSuperStars.app/GithubSuperStars";
			};
			name = Release;
		};
/* End XCBuildConfiguration section */

/* Begin XCConfigurationList section */
		560019EA1EA738A30007039C /* Build configuration list for PBXProject "GithubSuperStars" */ = {
			isa = XCConfigurationList;
			buildConfigurations = (
				560019FF1EA738A30007039C /* Debug */,
				56001A001EA738A30007039C /* Release */,
			);
			defaultConfigurationIsVisible = 0;
			defaultConfigurationName = Release;
		};
		56001A011EA738A30007039C /* Build configuration list for PBXNativeTarget "GithubSuperStars" */ = {
			isa = XCConfigurationList;
			buildConfigurations = (
				56001A021EA738A30007039C /* Debug */,
				56001A031EA738A30007039C /* Release */,
			);
			defaultConfigurationIsVisible = 0;
			defaultConfigurationName = Release;
		};
		56FE945F1EADD91200C5DADB /* Build configuration list for PBXNativeTarget "GithubSuperStarsTests" */ = {
			isa = XCConfigurationList;
			buildConfigurations = (
				56FE94601EADD91200C5DADB /* Debug */,
				56FE94611EADD91200C5DADB /* Release */,
			);
			defaultConfigurationIsVisible = 0;
			defaultConfigurationName = Release;
		};
/* End XCConfigurationList section */
	};
	rootObject = 560019E71EA738A30007039C /* Project object */;
}
